
Microsoft Visual Studio Solution File, Format Version 12.00
# Visual Studio 15
VisualStudioVersion = 15.0.28307.1022
MinimumVisualStudioVersion = 10.0.40219.1
Project("{FAE04EC0-301F-11D3-BF4B-00C04F79EFBC}") = "WindowsAuthSample", "WindowsAuthSample\WindowsAuthSample.csproj", "{93FB7B62-28A4-4AF0-935A-875261A05C4A}"
EndProject
Global
	GlobalSection(SolutionConfigurationPlatforms) = preSolution
		Debug|Any CPU = Debug|Any CPU
		Release|Any CPU = Release|Any CPU
	EndGlobalSection
	GlobalSection(ProjectConfigurationPlatforms) = postSolution
		{93FB7B62-28A4-4AF0-935A-875261A05C4A}.Debug|Any CPU.ActiveCfg = Debug|Any CPU
		{93FB7B62-28A4-4AF0-935A-875261A05C4A}.Debug|Any CPU.Build.0 = Debug|Any CPU
		{93FB7B62-28A4-4AF0-935A-875261A05C4A}.Release|Any CPU.ActiveCfg = Release|Any CPU
		{93FB7B62-28A4-4AF0-935A-875261A05C4A}.Release|Any CPU.Build.0 = Release|Any CPU
	EndGlobalSection
	GlobalSection(SolutionProperties) = preSolution
		HideSolutionNode = FALSE
	EndGlobalSection
	GlobalSection(ExtensibilityGlobals) = postSolution
		SolutionGuid = {EEB91BA8-AC69-4003-A191-380DB14DB59B}
	EndGlobalSection
EndGlobal
